
Microsoft Visual Studio Solution File, Format Version 12.00
# Visual Studio Version 16
VisualStudioVersion = 16.0.31402.337
MinimumVisualStudioVersion = 10.0.40219.1
Project("{FAE04EC0-301F-11D3-BF4B-00C04F79EFBC}") = "06 - Manual - Exercise 07 - ARRAY", "06 - Manual - Exercise 07 - ARRAY\06 - Manual - Exercise 07 - ARRAY.csproj", "{4BA2C3BE-2754-4B9F-A639-C44EFE9246CA}"
EndProject
Global
	GlobalSection(SolutionConfigurationPlatforms) = preSolution
		Debug|Any CPU = Debug|Any CPU
		Release|Any CPU = Release|Any CPU
	EndGlobalSection
	GlobalSection(ProjectConfigurationPlatforms) = postSolution
		{4BA2C3BE-2754-4B9F-A639-C44EFE9246CA}.Debug|Any CPU.ActiveCfg = Debug|Any CPU
		{4BA2C3BE-2754-4B9F-A639-C44EFE9246CA}.Debug|Any CPU.Build.0 = Debug|Any CPU
		{4BA2C3BE-2754-4B9F-A639-C44EFE9246CA}.Release|Any CPU.ActiveCfg = Release|Any CPU
		{4BA2C3BE-2754-4B9F-A639-C44EFE9246CA}.Release|Any CPU.Build.0 = Release|Any CPU
	EndGlobalSection
	GlobalSection(SolutionProperties) = preSolution
		HideSolutionNode = FALSE
	EndGlobalSection
	GlobalSection(ExtensibilityGlobals) = postSolution
		SolutionGuid = {989DE17B-9EE1-4FE3-845E-F529D6A44927}
	EndGlobalSection
EndGlobal
